
Microsoft Visual Studio Solution File, Format Version 12.00
# Visual Studio Version 17
VisualStudioVersion = 17.4.33110.190
MinimumVisualStudioVersion = 10.0.40219.1
Project("{2150E333-8FDC-42A3-9474-1A3956D46DE8}") = "01 Common", "01 Common", "{DDFA752C-BD2B-4473-BAB1-D9AB39B176D0}"
EndProject
Project("{2150E333-8FDC-42A3-9474-1A3956D46DE8}") = "02 Microservices", "02 Microservices", "{11CF2C12-58F4-4D69-804E-87C9D1481023}"
EndProject
Project("{2150E333-8FDC-42A3-9474-1A3956D46DE8}") = "03 ApiGateway", "03 ApiGateway", "{6C9CE79D-7168-4452-A452-C13511564FC3}"
EndProject
Project("{9A19103F-16F7-4668-BE54-9A1E7A4F7556}") = "DDD_Shop.Common.Utils", "01 Common\01 Core\DDD_Shop.Common.SharedKernel\DDD_Shop.Common.Utils.csproj", "{3FD3CC15-6884-4D4D-9104-A7E7462F33BD}"
EndProject
Project("{9A19103F-16F7-4668-BE54-9A1E7A4F7556}") = "DDD_Shop.Common.Domain", "01 Common\01 Core\DDD_Shop.Common.Domain\DDD_Shop.Common.Domain.csproj", "{B37B2B1E-8839-4637-A40C-3CF8851DD3DE}"
EndProject
Project("{9A19103F-16F7-4668-BE54-9A1E7A4F7556}") = "DDD_Shop.Common.Infrastructure", "01 Common\02 Infrastrucres\DDD_Shop.Common.Infrastructure\DDD_Shop.Common.Infrastructure.csproj", "{2CB26AA8-3F06-4410-9ABE-A3E6F5D791BE}"
EndProject
Project("{9A19103F-16F7-4668-BE54-9A1E7A4F7556}") = "DDD_Shop.Common.Application", "01 Common\01 Core\DDD_Shop.Common.Application\DDD_Shop.Common.Application.csproj", "{22AC8176-56DA-44B0-B962-21493BAC3258}"
EndProject
Project("{2150E333-8FDC-42A3-9474-1A3956D46DE8}") = "DDD_Shop.File", "DDD_Shop.File", "{A4E68857-5BC1-4AF6-BD3A-27E7E4B3AE3D}"
EndProject
Project("{2150E333-8FDC-42A3-9474-1A3956D46DE8}") = "DDD_Shop", "DDD_Shop", "{2FA59104-27CA-4CD6-9659-B9FE0BE34379}"
EndProject
Project("{9A19103F-16F7-4668-BE54-9A1E7A4F7556}") = "DDD_Shop.ApiGateway", "03 ApiGateway\DDD_Shop.ApiGateway\DDD_Shop.ApiGateway.csproj", "{BEC05CB0-BBDB-49AE-9565-F3672A756E96}"
EndProject
Project("{2150E333-8FDC-42A3-9474-1A3956D46DE8}") = "DDD_Shop.IdentityServer", "DDD_Shop.IdentityServer", "{6AEF6CB3-1B00-42FC-B6DE-278DA6ACEF87}"
EndProject
Project("{9A19103F-16F7-4668-BE54-9A1E7A4F7556}") = "DDD_Shop.Core.IdentityServer.Domain", "02 Microservices\DDD_Shop.IdentityServer\01 Core\DDD_Shop.IdentityServer.Domain\DDD_Shop.Core.IdentityServer.Domain.csproj", "{478C1A49-40C9-4CB9-87C9-692C678524AC}"
EndProject
Project("{9A19103F-16F7-4668-BE54-9A1E7A4F7556}") = "DDD_Shop.Core.IdentityServer.Application", "02 Microservices\DDD_Shop.IdentityServer\01 Core\DDD_Shop.IdentityServer.Application\DDD_Shop.Core.IdentityServer.Application.csproj", "{AC314794-D1F6-4D7E-9F31-A0BA1168032A}"
EndProject
Project("{2150E333-8FDC-42A3-9474-1A3956D46DE8}") = "01 Core", "01 Core", "{F88DCA21-2A9D-4D3A-836A-04EAF0D545F3}"
EndProject
Project("{2150E333-8FDC-42A3-9474-1A3956D46DE8}") = "02 Infrastrucres", "02 Infrastrucres", "{09F13325-429A-4B53-8FC6-BC8DDB7EC009}"
EndProject
Project("{2150E333-8FDC-42A3-9474-1A3956D46DE8}") = "03 Endpoints", "03 Endpoints", "{D16B572A-4FE9-4356-B529-C6F1A3C0E7B1}"
EndProject
Project("{2150E333-8FDC-42A3-9474-1A3956D46DE8}") = "01 Core", "01 Core", "{4AD28954-D606-4283-A553-38E7F6696FC1}"
EndProject
Project("{2150E333-8FDC-42A3-9474-1A3956D46DE8}") = "02 Infrastrucres", "02 Infrastrucres", "{2855F2F5-5558-498E-9E2C-C0765A281218}"
EndProject
Project("{2150E333-8FDC-42A3-9474-1A3956D46DE8}") = "03 Endpoints", "03 Endpoints", "{B14717E5-D0FE-4423-B6ED-CDDCC91BA796}"
EndProject
Project("{2150E333-8FDC-42A3-9474-1A3956D46DE8}") = "03 Endpoints", "03 Endpoints", "{4A12B8C8-4CB0-4607-9642-269055A3BFC8}"
EndProject
Project("{2150E333-8FDC-42A3-9474-1A3956D46DE8}") = "02 Infrastrucres", "02 Infrastrucres", "{5BA60D68-D46D-46A1-BF22-DEBDE9B97328}"
EndProject
Project("{2150E333-8FDC-42A3-9474-1A3956D46DE8}") = "01 Core", "01 Core", "{B271A300-7125-47C6-BF75-D29B014D715D}"
EndProject
Project("{2150E333-8FDC-42A3-9474-1A3956D46DE8}") = "Data", "Data", "{7DE171A2-0EE0-4212-AA27-99BA74C7279F}"
EndProject
Project("{2150E333-8FDC-42A3-9474-1A3956D46DE8}") = "01 Core", "01 Core", "{8E273923-B4D7-47F0-BCD4-F8FBCD1FA775}"
EndProject
Project("{2150E333-8FDC-42A3-9474-1A3956D46DE8}") = "02 Infrastrucres", "02 Infrastrucres", "{D8E2C849-43EB-4A34-B1C5-B65E0DA78344}"
EndProject
Project("{2150E333-8FDC-42A3-9474-1A3956D46DE8}") = "03 Endpoints", "03 Endpoints", "{CEA64484-DCB5-45E3-8F1F-F9677570385D}"
EndProject
Project("{9A19103F-16F7-4668-BE54-9A1E7A4F7556}") = "DDD_Shop.Common.Api", "01 Common\03 Endpoints\DDD_Shop.Common.Api\DDD_Shop.Common.Api.csproj", "{F7D906A7-C9D3-4F5D-ADEE-22E08AD6441A}"
EndProject
Project("{9A19103F-16F7-4668-BE54-9A1E7A4F7556}") = "DDD_Shop.Core.Domain", "02 Microservices\DDD_Shop\01 Core\DDD_Shop.Core.Domain\DDD_Shop.Core.Domain.csproj", "{22167DF0-9EBA-4C58-9661-085A116E8399}"
EndProject
Project("{9A19103F-16F7-4668-BE54-9A1E7A4F7556}") = "DDD_Shop.Core.Application", "02 Microservices\DDD_Shop\01 Core\DDD_Shop.Core.Application\DDD_Shop.Core.Application.csproj", "{2DDDFD9D-A780-4D84-8D7D-65107459469F}"
EndProject
Project("{2150E333-8FDC-42A3-9474-1A3956D46DE8}") = "Data", "Data", "{7BA93417-2FAE-41F3-BAF6-335EA2E4C5C5}"
EndProject
Project("{9A19103F-16F7-4668-BE54-9A1E7A4F7556}") = "DDD_Shop.Infrastructure.SqlServer", "02 Microservices\DDD_Shop\02 Infrastrucres\Data\DDD_Shop.Infrastructure.SqlServer\DDD_Shop.Infrastructure.SqlServer.csproj", "{59732F7E-7F0C-450A-A29E-57691335EDCE}"
EndProject
Project("{9A19103F-16F7-4668-BE54-9A1E7A4F7556}") = "DDD_Shop.Infrastructure.Fake", "02 Microservices\DDD_Shop\02 Infrastrucres\Data\DDD_Shop.Infrastructure.Fake\DDD_Shop.Infrastructure.Fake.csproj", "{93FAA81B-EB02-413F-9D9C-DCA8A1BC5D54}"
EndProject
Project("{9A19103F-16F7-4668-BE54-9A1E7A4F7556}") = "DDD_Shop.Infrastructure.EventSourcing", "02 Microservices\DDD_Shop\02 Infrastrucres\Data\DDD_Shop.Infrastructure.EventSourcing\DDD_Shop.Infrastructure.EventSourcing.csproj", "{0582B898-7316-4285-ADC6-5EA3A91EA80E}"
EndProject
Project("{9A19103F-16F7-4668-BE54-9A1E7A4F7556}") = "DDD_Shop.Api", "02 Microservices\DDD_Shop\03 Endpoints\DDD_Shop.Api\DDD_Shop.Api.csproj", "{E0D858EC-0EDB-48D5-A2E2-13E436D441BE}"
EndProject
Project("{9A19103F-16F7-4668-BE54-9A1E7A4F7556}") = "DDD_Shop.Core.File.Application", "02 Microservices\DDD_Shop.File\01 Core\DDD_Shop.File.Core.Application\DDD_Shop.Core.File.Application.csproj", "{5F5170C2-B03F-45F2-99D4-F42392364E3B}"
EndProject
Project("{9A19103F-16F7-4668-BE54-9A1E7A4F7556}") = "DDD_Shop.Core.File.Domain", "02 Microservices\DDD_Shop.File\01 Core\DDD_Shop.File.Core.Domain\DDD_Shop.Core.File.Domain.csproj", "{0808C502-E544-4EE8-ABF1-C19BEC16A03C}"
EndProject
Project("{9A19103F-16F7-4668-BE54-9A1E7A4F7556}") = "DDD_Shop.Infrastrucre.IdentityServer.SqlServer", "02 Microservices\DDD_Shop.IdentityServer\02 Infrastrucres\Data\DDD_Shop.Infrastrucre.IdentityServer.SqlServer\DDD_Shop.Infrastrucre.IdentityServer.SqlServer.csproj", "{E3AE9954-37A2-45E4-827D-76E456C42A52}"
EndProject
Project("{2150E333-8FDC-42A3-9474-1A3956D46DE8}") = "Data", "Data", "{D0002BE7-8EFA-41B4-92A6-0462B9AF757B}"
EndProject
Project("{9A19103F-16F7-4668-BE54-9A1E7A4F7556}") = "DDD_Shop.Infrastructure.File.SqlServer", "02 Microservices\DDD_Shop.File\02 Infrastrucres\Data\DDD_Shop.Infrastructure.File.SqlServer\DDD_Shop.Infrastructure.File.SqlServer.csproj", "{89BABB45-3E65-4D08-BF05-CFBF4136E8FC}"
EndProject
Project("{9A19103F-16F7-4668-BE54-9A1E7A4F7556}") = "DDD_Shop.File.Api", "02 Microservices\DDD_Shop.File\03 Endpoints\DDD_Shop.File.Api\DDD_Shop.File.Api.csproj", "{AAB45DC0-E7E7-4578-B616-2BE64259EB41}"
EndProject
Project("{FAE04EC0-301F-11D3-BF4B-00C04F79EFBC}") = "DDD_Shop.IdentityServer.Api", "02 Microservices\DDD_Shop.IdentityServer\03 Endpoints\DDD_Shop.IdentityServer.Api\DDD_Shop.IdentityServer.Api.csproj", "{7C74BEDD-F2CF-4D5C-91D0-3778A3ED439F}"
EndProject
Project("{FAE04EC0-301F-11D3-BF4B-00C04F79EFBC}") = "DDD_Shop.Infrastrucre.IdentityServer.Fake", "02 Microservices\DDD_Shop.IdentityServer\02 Infrastrucres\Data\DDD_Shop.Infrastrucre.IdentityServer.Fake\DDD_Shop.Infrastrucre.IdentityServer.Fake.csproj", "{5BC46F5C-11C3-460A-BFA2-31CD67EECB43}"
EndProject
Project("{2150E333-8FDC-42A3-9474-1A3956D46DE8}") = "04 Tests", "04 Tests", "{9D147906-2EBF-45A6-8040-24DA59538EC2}"
EndProject
Project("{2150E333-8FDC-42A3-9474-1A3956D46DE8}") = "04 Tests", "04 Tests", "{18F46CEF-44B0-430C-9776-FE360A3AA5FF}"
EndProject
Project("{2150E333-8FDC-42A3-9474-1A3956D46DE8}") = "04 Tests", "04 Tests", "{A81F0826-DB37-4B1D-A57B-D5279AA2892E}"
EndProject
Project("{FAE04EC0-301F-11D3-BF4B-00C04F79EFBC}") = "DDD_Shop.Tests", "02 Microservices\DDD_Shop\04 Tests\DDD_Shop.Tests\DDD_Shop.Tests.csproj", "{C17D29B0-646F-476E-B96F-045FFF294960}"
EndProject
Project("{FAE04EC0-301F-11D3-BF4B-00C04F79EFBC}") = "DDD_Shop.IdentityServer.Tests", "02 Microservices\DDD_Shop.IdentityServer\04 Tests\DDD_Shop.IdentityServer.Tests\DDD_Shop.IdentityServer.Tests.csproj", "{B78F4484-5605-45A3-9262-FC88208D12A3}"
EndProject
Project("{FAE04EC0-301F-11D3-BF4B-00C04F79EFBC}") = "DDD_Shop.File.Tests", "02 Microservices\DDD_Shop.File\04 Tests\DDD_Shop.File.Tests\DDD_Shop.File.Tests.csproj", "{A0C55212-C5A6-440B-A0CE-FCEFF3D0DC23}"
EndProject
Project("{2150E333-8FDC-42A3-9474-1A3956D46DE8}") = "04 Tests", "04 Tests", "{469A255E-4F97-4E36-8420-578675FE4C1F}"
EndProject
Project("{FAE04EC0-301F-11D3-BF4B-00C04F79EFBC}") = "DDD_Shop.Common.Tests", "01 Common\04 Tests\DDD_Shop.Common.Tests\DDD_Shop.Common.Tests.csproj", "{DD4DD73D-DE24-4790-9D91-3C2B80238F7F}"
EndProject
Global
	GlobalSection(SolutionConfigurationPlatforms) = preSolution
		Debug|Any CPU = Debug|Any CPU
		Release|Any CPU = Release|Any CPU
	EndGlobalSection
	GlobalSection(ProjectConfigurationPlatforms) = postSolution
		{3FD3CC15-6884-4D4D-9104-A7E7462F33BD}.Debug|Any CPU.ActiveCfg = Debug|Any CPU
		{3FD3CC15-6884-4D4D-9104-A7E7462F33BD}.Debug|Any CPU.Build.0 = Debug|Any CPU
		{3FD3CC15-6884-4D4D-9104-A7E7462F33BD}.Release|Any CPU.ActiveCfg = Release|Any CPU
		{3FD3CC15-6884-4D4D-9104-A7E7462F33BD}.Release|Any CPU.Build.0 = Release|Any CPU
		{B37B2B1E-8839-4637-A40C-3CF8851DD3DE}.Debug|Any CPU.ActiveCfg = Debug|Any CPU
		{B37B2B1E-8839-4637-A40C-3CF8851DD3DE}.Debug|Any CPU.Build.0 = Debug|Any CPU
		{B37B2B1E-8839-4637-A40C-3CF8851DD3DE}.Release|Any CPU.ActiveCfg = Release|Any CPU
		{B37B2B1E-8839-4637-A40C-3CF8851DD3DE}.Release|Any CPU.Build.0 = Release|Any CPU
		{2CB26AA8-3F06-4410-9ABE-A3E6F5D791BE}.Debug|Any CPU.ActiveCfg = Debug|Any CPU
		{2CB26AA8-3F06-4410-9ABE-A3E6F5D791BE}.Debug|Any CPU.Build.0 = Debug|Any CPU
		{2CB26AA8-3F06-4410-9ABE-A3E6F5D791BE}.Release|Any CPU.ActiveCfg = Release|Any CPU
		{2CB26AA8-3F06-4410-9ABE-A3E6F5D791BE}.Release|Any CPU.Build.0 = Release|Any CPU
		{22AC8176-56DA-44B0-B962-21493BAC3258}.Debug|Any CPU.ActiveCfg = Debug|Any CPU
		{22AC8176-56DA-44B0-B962-21493BAC3258}.Debug|Any CPU.Build.0 = Debug|Any CPU
		{22AC8176-56DA-44B0-B962-21493BAC3258}.Release|Any CPU.ActiveCfg = Release|Any CPU
		{22AC8176-56DA-44B0-B962-21493BAC3258}.Release|Any CPU.Build.0 = Release|Any CPU
		{BEC05CB0-BBDB-49AE-9565-F3672A756E96}.Debug|Any CPU.ActiveCfg = Debug|Any CPU
		{BEC05CB0-BBDB-49AE-9565-F3672A756E96}.Debug|Any CPU.Build.0 = Debug|Any CPU
		{BEC05CB0-BBDB-49AE-9565-F3672A756E96}.Release|Any CPU.ActiveCfg = Release|Any CPU
		{BEC05CB0-BBDB-49AE-9565-F3672A756E96}.Release|Any CPU.Build.0 = Release|Any CPU
		{478C1A49-40C9-4CB9-87C9-692C678524AC}.Debug|Any CPU.ActiveCfg = Debug|Any CPU
		{478C1A49-40C9-4CB9-87C9-692C678524AC}.Debug|Any CPU.Build.0 = Debug|Any CPU
		{478C1A49-40C9-4CB9-87C9-692C678524AC}.Release|Any CPU.ActiveCfg = Release|Any CPU
		{478C1A49-40C9-4CB9-87C9-692C678524AC}.Release|Any CPU.Build.0 = Release|Any CPU
		{AC314794-D1F6-4D7E-9F31-A0BA1168032A}.Debug|Any CPU.ActiveCfg = Debug|Any CPU
		{AC314794-D1F6-4D7E-9F31-A0BA1168032A}.Debug|Any CPU.Build.0 = Debug|Any CPU
		{AC314794-D1F6-4D7E-9F31-A0BA1168032A}.Release|Any CPU.ActiveCfg = Release|Any CPU
		{AC314794-D1F6-4D7E-9F31-A0BA1168032A}.Release|Any CPU.Build.0 = Release|Any CPU
		{F7D906A7-C9D3-4F5D-ADEE-22E08AD6441A}.Debug|Any CPU.ActiveCfg = Debug|Any CPU
		{F7D906A7-C9D3-4F5D-ADEE-22E08AD6441A}.Debug|Any CPU.Build.0 = Debug|Any CPU
		{F7D906A7-C9D3-4F5D-ADEE-22E08AD6441A}.Release|Any CPU.ActiveCfg = Release|Any CPU
		{F7D906A7-C9D3-4F5D-ADEE-22E08AD6441A}.Release|Any CPU.Build.0 = Release|Any CPU
		{22167DF0-9EBA-4C58-9661-085A116E8399}.Debug|Any CPU.ActiveCfg = Debug|Any CPU
		{22167DF0-9EBA-4C58-9661-085A116E8399}.Debug|Any CPU.Build.0 = Debug|Any CPU
		{22167DF0-9EBA-4C58-9661-085A116E8399}.Release|Any CPU.ActiveCfg = Release|Any CPU
		{22167DF0-9EBA-4C58-9661-085A116E8399}.Release|Any CPU.Build.0 = Release|Any CPU
		{2DDDFD9D-A780-4D84-8D7D-65107459469F}.Debug|Any CPU.ActiveCfg = Debug|Any CPU
		{2DDDFD9D-A780-4D84-8D7D-65107459469F}.Debug|Any CPU.Build.0 = Debug|Any CPU
		{2DDDFD9D-A780-4D84-8D7D-65107459469F}.Release|Any CPU.ActiveCfg = Release|Any CPU
		{2DDDFD9D-A780-4D84-8D7D-65107459469F}.Release|Any CPU.Build.0 = Release|Any CPU
		{59732F7E-7F0C-450A-A29E-57691335EDCE}.Debug|Any CPU.ActiveCfg = Debug|Any CPU
		{59732F7E-7F0C-450A-A29E-57691335EDCE}.Debug|Any CPU.Build.0 = Debug|Any CPU
		{59732F7E-7F0C-450A-A29E-57691335EDCE}.Release|Any CPU.ActiveCfg = Release|Any CPU
		{59732F7E-7F0C-450A-A29E-57691335EDCE}.Release|Any CPU.Build.0 = Release|Any CPU
		{93FAA81B-EB02-413F-9D9C-DCA8A1BC5D54}.Debug|Any CPU.ActiveCfg = Debug|Any CPU
		{93FAA81B-EB02-413F-9D9C-DCA8A1BC5D54}.Debug|Any CPU.Build.0 = Debug|Any CPU
		{93FAA81B-EB02-413F-9D9C-DCA8A1BC5D54}.Release|Any CPU.ActiveCfg = Release|Any CPU
		{93FAA81B-EB02-413F-9D9C-DCA8A1BC5D54}.Release|Any CPU.Build.0 = Release|Any CPU
		{0582B898-7316-4285-ADC6-5EA3A91EA80E}.Debug|Any CPU.ActiveCfg = Debug|Any CPU
		{0582B898-7316-4285-ADC6-5EA3A91EA80E}.Debug|Any CPU.Build.0 = Debug|Any CPU
		{0582B898-7316-4285-ADC6-5EA3A91EA80E}.Release|Any CPU.ActiveCfg = Release|Any CPU
		{0582B898-7316-4285-ADC6-5EA3A91EA80E}.Release|Any CPU.Build.0 = Release|Any CPU
		{E0D858EC-0EDB-48D5-A2E2-13E436D441BE}.Debug|Any CPU.ActiveCfg = Debug|Any CPU
		{E0D858EC-0EDB-48D5-A2E2-13E436D441BE}.Debug|Any CPU.Build.0 = Debug|Any CPU
		{E0D858EC-0EDB-48D5-A2E2-13E436D441BE}.Release|Any CPU.ActiveCfg = Release|Any CPU
		{E0D858EC-0EDB-48D5-A2E2-13E436D441BE}.Release|Any CPU.Build.0 = Release|Any CPU
		{5F5170C2-B03F-45F2-99D4-F42392364E3B}.Debug|Any CPU.ActiveCfg = Debug|Any CPU
		{5F5170C2-B03F-45F2-99D4-F42392364E3B}.Debug|Any CPU.Build.0 = Debug|Any CPU
		{5F5170C2-B03F-45F2-99D4-F42392364E3B}.Release|Any CPU.ActiveCfg = Release|Any CPU
		{5F5170C2-B03F-45F2-99D4-F42392364E3B}.Release|Any CPU.Build.0 = Release|Any CPU
		{0808C502-E544-4EE8-ABF1-C19BEC16A03C}.Debug|Any CPU.ActiveCfg = Debug|Any CPU
		{0808C502-E544-4EE8-ABF1-C19BEC16A03C}.Debug|Any CPU.Build.0 = Debug|Any CPU
		{0808C502-E544-4EE8-ABF1-C19BEC16A03C}.Release|Any CPU.ActiveCfg = Release|Any CPU
		{0808C502-E544-4EE8-ABF1-C19BEC16A03C}.Release|Any CPU.Build.0 = Release|Any CPU
		{E3AE9954-37A2-45E4-827D-76E456C42A52}.Debug|Any CPU.ActiveCfg = Debug|Any CPU
		{E3AE9954-37A2-45E4-827D-76E456C42A52}.Debug|Any CPU.Build.0 = Debug|Any CPU
		{E3AE9954-37A2-45E4-827D-76E456C42A52}.Release|Any CPU.ActiveCfg = Release|Any CPU
		{E3AE9954-37A2-45E4-827D-76E456C42A52}.Release|Any CPU.Build.0 = Release|Any CPU
		{89BABB45-3E65-4D08-BF05-CFBF4136E8FC}.Debug|Any CPU.ActiveCfg = Debug|Any CPU
		{89BABB45-3E65-4D08-BF05-CFBF4136E8FC}.Debug|Any CPU.Build.0 = Debug|Any CPU
		{89BABB45-3E65-4D08-BF05-CFBF4136E8FC}.Release|Any CPU.ActiveCfg = Release|Any CPU
		{89BABB45-3E65-4D08-BF05-CFBF4136E8FC}.Release|Any CPU.Build.0 = Release|Any CPU
		{AAB45DC0-E7E7-4578-B616-2BE64259EB41}.Debug|Any CPU.ActiveCfg = Debug|Any CPU
		{AAB45DC0-E7E7-4578-B616-2BE64259EB41}.Debug|Any CPU.Build.0 = Debug|Any CPU
		{AAB45DC0-E7E7-4578-B616-2BE64259EB41}.Release|Any CPU.ActiveCfg = Release|Any CPU
		{AAB45DC0-E7E7-4578-B616-2BE64259EB41}.Release|Any CPU.Build.0 = Release|Any CPU
		{7C74BEDD-F2CF-4D5C-91D0-3778A3ED439F}.Debug|Any CPU.ActiveCfg = Debug|Any CPU
		{7C74BEDD-F2CF-4D5C-91D0-3778A3ED439F}.Debug|Any CPU.Build.0 = Debug|Any CPU
		{7C74BEDD-F2CF-4D5C-91D0-3778A3ED439F}.Release|Any CPU.ActiveCfg = Release|Any CPU
		{7C74BEDD-F2CF-4D5C-91D0-3778A3ED439F}.Release|Any CPU.Build.0 = Release|Any CPU
		{5BC46F5C-11C3-460A-BFA2-31CD67EECB43}.Debug|Any CPU.ActiveCfg = Debug|Any CPU
		{5BC46F5C-11C3-460A-BFA2-31CD67EECB43}.Debug|Any CPU.Build.0 = Debug|Any CPU
		{5BC46F5C-11C3-460A-BFA2-31CD67EECB43}.Release|Any CPU.ActiveCfg = Release|Any CPU
		{5BC46F5C-11C3-460A-BFA2-31CD67EECB43}.Release|Any CPU.Build.0 = Release|Any CPU
		{C17D29B0-646F-476E-B96F-045FFF294960}.Debug|Any CPU.ActiveCfg = Debug|Any CPU
		{C17D29B0-646F-476E-B96F-045FFF294960}.Debug|Any CPU.Build.0 = Debug|Any CPU
		{C17D29B0-646F-476E-B96F-045FFF294960}.Release|Any CPU.ActiveCfg = Release|Any CPU
		{C17D29B0-646F-476E-B96F-045FFF294960}.Release|Any CPU.Build.0 = Release|Any CPU
		{B78F4484-5605-45A3-9262-FC88208D12A3}.Debug|Any CPU.ActiveCfg = Debug|Any CPU
		{B78F4484-5605-45A3-9262-FC88208D12A3}.Debug|Any CPU.Build.0 = Debug|Any CPU
		{B78F4484-5605-45A3-9262-FC88208D12A3}.Release|Any CPU.ActiveCfg = Release|Any CPU
		{B78F4484-5605-45A3-9262-FC88208D12A3}.Release|Any CPU.Build.0 = Release|Any CPU
		{A0C55212-C5A6-440B-A0CE-FCEFF3D0DC23}.Debug|Any CPU.ActiveCfg = Debug|Any CPU
		{A0C55212-C5A6-440B-A0CE-FCEFF3D0DC23}.Debug|Any CPU.Build.0 = Debug|Any CPU
		{A0C55212-C5A6-440B-A0CE-FCEFF3D0DC23}.Release|Any CPU.ActiveCfg = Release|Any CPU
		{A0C55212-C5A6-440B-A0CE-FCEFF3D0DC23}.Release|Any CPU.Build.0 = Release|Any CPU
		{DD4DD73D-DE24-4790-9D91-3C2B80238F7F}.Debug|Any CPU.ActiveCfg = Debug|Any CPU
		{DD4DD73D-DE24-4790-9D91-3C2B80238F7F}.Debug|Any CPU.Build.0 = Debug|Any CPU
		{DD4DD73D-DE24-4790-9D91-3C2B80238F7F}.Release|Any CPU.ActiveCfg = Release|Any CPU
		{DD4DD73D-DE24-4790-9D91-3C2B80238F7F}.Release|Any CPU.Build.0 = Release|Any CPU
	EndGlobalSection
	GlobalSection(SolutionProperties) = preSolution
		HideSolutionNode = FALSE
	EndGlobalSection
	GlobalSection(NestedProjects) = preSolution
		{3FD3CC15-6884-4D4D-9104-A7E7462F33BD} = {8E273923-B4D7-47F0-BCD4-F8FBCD1FA775}
		{B37B2B1E-8839-4637-A40C-3CF8851DD3DE} = {8E273923-B4D7-47F0-BCD4-F8FBCD1FA775}
		{2CB26AA8-3F06-4410-9ABE-A3E6F5D791BE} = {D8E2C849-43EB-4A34-B1C5-B65E0DA78344}
		{22AC8176-56DA-44B0-B962-21493BAC3258} = {8E273923-B4D7-47F0-BCD4-F8FBCD1FA775}
		{A4E68857-5BC1-4AF6-BD3A-27E7E4B3AE3D} = {11CF2C12-58F4-4D69-804E-87C9D1481023}
		{2FA59104-27CA-4CD6-9659-B9FE0BE34379} = {11CF2C12-58F4-4D69-804E-87C9D1481023}
		{BEC05CB0-BBDB-49AE-9565-F3672A756E96} = {6C9CE79D-7168-4452-A452-C13511564FC3}
		{6AEF6CB3-1B00-42FC-B6DE-278DA6ACEF87} = {11CF2C12-58F4-4D69-804E-87C9D1481023}
		{478C1A49-40C9-4CB9-87C9-692C678524AC} = {F88DCA21-2A9D-4D3A-836A-04EAF0D545F3}
		{AC314794-D1F6-4D7E-9F31-A0BA1168032A} = {F88DCA21-2A9D-4D3A-836A-04EAF0D545F3}
		{F88DCA21-2A9D-4D3A-836A-04EAF0D545F3} = {6AEF6CB3-1B00-42FC-B6DE-278DA6ACEF87}
		{09F13325-429A-4B53-8FC6-BC8DDB7EC009} = {6AEF6CB3-1B00-42FC-B6DE-278DA6ACEF87}
		{D16B572A-4FE9-4356-B529-C6F1A3C0E7B1} = {6AEF6CB3-1B00-42FC-B6DE-278DA6ACEF87}
		{4AD28954-D606-4283-A553-38E7F6696FC1} = {A4E68857-5BC1-4AF6-BD3A-27E7E4B3AE3D}
		{2855F2F5-5558-498E-9E2C-C0765A281218} = {A4E68857-5BC1-4AF6-BD3A-27E7E4B3AE3D}
		{B14717E5-D0FE-4423-B6ED-CDDCC91BA796} = {A4E68857-5BC1-4AF6-BD3A-27E7E4B3AE3D}
		{4A12B8C8-4CB0-4607-9642-269055A3BFC8} = {2FA59104-27CA-4CD6-9659-B9FE0BE34379}
		{5BA60D68-D46D-46A1-BF22-DEBDE9B97328} = {2FA59104-27CA-4CD6-9659-B9FE0BE34379}
		{B271A300-7125-47C6-BF75-D29B014D715D} = {2FA59104-27CA-4CD6-9659-B9FE0BE34379}
		{7DE171A2-0EE0-4212-AA27-99BA74C7279F} = {09F13325-429A-4B53-8FC6-BC8DDB7EC009}
		{8E273923-B4D7-47F0-BCD4-F8FBCD1FA775} = {DDFA752C-BD2B-4473-BAB1-D9AB39B176D0}
		{D8E2C849-43EB-4A34-B1C5-B65E0DA78344} = {DDFA752C-BD2B-4473-BAB1-D9AB39B176D0}
		{CEA64484-DCB5-45E3-8F1F-F9677570385D} = {DDFA752C-BD2B-4473-BAB1-D9AB39B176D0}
		{F7D906A7-C9D3-4F5D-ADEE-22E08AD6441A} = {CEA64484-DCB5-45E3-8F1F-F9677570385D}
		{22167DF0-9EBA-4C58-9661-085A116E8399} = {B271A300-7125-47C6-BF75-D29B014D715D}
		{2DDDFD9D-A780-4D84-8D7D-65107459469F} = {B271A300-7125-47C6-BF75-D29B014D715D}
		{7BA93417-2FAE-41F3-BAF6-335EA2E4C5C5} = {5BA60D68-D46D-46A1-BF22-DEBDE9B97328}
		{59732F7E-7F0C-450A-A29E-57691335EDCE} = {7BA93417-2FAE-41F3-BAF6-335EA2E4C5C5}
		{93FAA81B-EB02-413F-9D9C-DCA8A1BC5D54} = {7BA93417-2FAE-41F3-BAF6-335EA2E4C5C5}
		{0582B898-7316-4285-ADC6-5EA3A91EA80E} = {7BA93417-2FAE-41F3-BAF6-335EA2E4C5C5}
		{E0D858EC-0EDB-48D5-A2E2-13E436D441BE} = {4A12B8C8-4CB0-4607-9642-269055A3BFC8}
		{5F5170C2-B03F-45F2-99D4-F42392364E3B} = {4AD28954-D606-4283-A553-38E7F6696FC1}
		{0808C502-E544-4EE8-ABF1-C19BEC16A03C} = {4AD28954-D606-4283-A553-38E7F6696FC1}
		{E3AE9954-37A2-45E4-827D-76E456C42A52} = {7DE171A2-0EE0-4212-AA27-99BA74C7279F}
		{D0002BE7-8EFA-41B4-92A6-0462B9AF757B} = {2855F2F5-5558-498E-9E2C-C0765A281218}
		{89BABB45-3E65-4D08-BF05-CFBF4136E8FC} = {D0002BE7-8EFA-41B4-92A6-0462B9AF757B}
		{AAB45DC0-E7E7-4578-B616-2BE64259EB41} = {B14717E5-D0FE-4423-B6ED-CDDCC91BA796}
		{7C74BEDD-F2CF-4D5C-91D0-3778A3ED439F} = {D16B572A-4FE9-4356-B529-C6F1A3C0E7B1}
		{5BC46F5C-11C3-460A-BFA2-31CD67EECB43} = {7DE171A2-0EE0-4212-AA27-99BA74C7279F}
		{9D147906-2EBF-45A6-8040-24DA59538EC2} = {2FA59104-27CA-4CD6-9659-B9FE0BE34379}
		{18F46CEF-44B0-430C-9776-FE360A3AA5FF} = {A4E68857-5BC1-4AF6-BD3A-27E7E4B3AE3D}
		{A81F0826-DB37-4B1D-A57B-D5279AA2892E} = {6AEF6CB3-1B00-42FC-B6DE-278DA6ACEF87}
		{C17D29B0-646F-476E-B96F-045FFF294960} = {9D147906-2EBF-45A6-8040-24DA59538EC2}
		{B78F4484-5605-45A3-9262-FC88208D12A3} = {A81F0826-DB37-4B1D-A57B-D5279AA2892E}
		{A0C55212-C5A6-440B-A0CE-FCEFF3D0DC23} = {18F46CEF-44B0-430C-9776-FE360A3AA5FF}
		{469A255E-4F97-4E36-8420-578675FE4C1F} = {DDFA752C-BD2B-4473-BAB1-D9AB39B176D0}
		{DD4DD73D-DE24-4790-9D91-3C2B80238F7F} = {469A255E-4F97-4E36-8420-578675FE4C1F}
	EndGlobalSection
	GlobalSection(ExtensibilityGlobals) = postSolution
		SolutionGuid = {6FF5B625-AE50-4720-BCC7-A0B7C51A0C1E}
	EndGlobalSection
EndGlobal
