
Microsoft Visual Studio Solution File, Format Version 12.00
# Visual Studio Version 17
VisualStudioVersion = 17.4.33110.190
MinimumVisualStudioVersion = 10.0.40219.1
Project("{2150E333-8FDC-42A3-9474-1A3956D46DE8}") = "01 Common", "01 Common", "{DDFA752C-BD2B-4473-BAB1-D9AB39B176D0}"
EndProject
Project("{2150E333-8FDC-42A3-9474-1A3956D46DE8}") = "02 Microservices", "02 Microservices", "{11CF2C12-58F4-4D69-804E-87C9D1481023}"
EndProject
Project("{2150E333-8FDC-42A3-9474-1A3956D46DE8}") = "03 ApiGateway", "03 ApiGateway", "{6C9CE79D-7168-4452-A452-C13511564FC3}"
EndProject
Project("{9A19103F-16F7-4668-BE54-9A1E7A4F7556}") = "DDD_Shop.Common.Utils", "01 Common\Src\01 Core\DDD_Shop.Common.SharedKernel\DDD_Shop.Common.Utils.csproj", "{3FD3CC15-6884-4D4D-9104-A7E7462F33BD}"
EndProject
Project("{9A19103F-16F7-4668-BE54-9A1E7A4F7556}") = "DDD_Shop.Common.Domain", "01 Common\Src\01 Core\DDD_Shop.Common.Domain\DDD_Shop.Common.Domain.csproj", "{B37B2B1E-8839-4637-A40C-3CF8851DD3DE}"
EndProject
Project("{9A19103F-16F7-4668-BE54-9A1E7A4F7556}") = "DDD_Shop.Common.Infrastructure", "01 Common\Src\02 Infrastrucres\DDD_Shop.Common.Infrastructure\DDD_Shop.Common.Infrastructure.csproj", "{2CB26AA8-3F06-4410-9ABE-A3E6F5D791BE}"
EndProject
Project("{9A19103F-16F7-4668-BE54-9A1E7A4F7556}") = "DDD_Shop.Common.Application", "01 Common\Src\01 Core\DDD_Shop.Common.Application\DDD_Shop.Common.Application.csproj", "{22AC8176-56DA-44B0-B962-21493BAC3258}"
EndProject
Project("{9A19103F-16F7-4668-BE54-9A1E7A4F7556}") = "DDD_Shop.ApiGateway", "03 ApiGateway\Src\DDD_Shop.ApiGateway\DDD_Shop.ApiGateway.csproj", "{BEC05CB0-BBDB-49AE-9565-F3672A756E96}"
EndProject
Project("{2150E333-8FDC-42A3-9474-1A3956D46DE8}") = "01 Core", "01 Core", "{8E273923-B4D7-47F0-BCD4-F8FBCD1FA775}"
EndProject
Project("{2150E333-8FDC-42A3-9474-1A3956D46DE8}") = "02 Infrastrucres", "02 Infrastrucres", "{D8E2C849-43EB-4A34-B1C5-B65E0DA78344}"
EndProject
Project("{2150E333-8FDC-42A3-9474-1A3956D46DE8}") = "03 Endpoints", "03 Endpoints", "{CEA64484-DCB5-45E3-8F1F-F9677570385D}"
EndProject
Project("{9A19103F-16F7-4668-BE54-9A1E7A4F7556}") = "DDD_Shop.Common.Api", "01 Common\Src\03 Endpoints\DDD_Shop.Common.Api\DDD_Shop.Common.Api.csproj", "{F7D906A7-C9D3-4F5D-ADEE-22E08AD6441A}"
EndProject
Project("{2150E333-8FDC-42A3-9474-1A3956D46DE8}") = "Src", "Src", "{1D18E183-6767-4E68-8DA7-964798D9EED6}"
EndProject
Project("{2150E333-8FDC-42A3-9474-1A3956D46DE8}") = "Tests", "Tests", "{DD6A040E-08D4-4AF3-BA8D-6FD4C9BE9E78}"
EndProject
Project("{2150E333-8FDC-42A3-9474-1A3956D46DE8}") = "Tests", "Tests", "{9325E357-AE14-49F2-8F6F-21F540675FE6}"
EndProject
Project("{2150E333-8FDC-42A3-9474-1A3956D46DE8}") = "Src", "Src", "{E3D8D7FA-33C6-4880-927D-F4300B61CA35}"
EndProject
Project("{2150E333-8FDC-42A3-9474-1A3956D46DE8}") = "00 Fremework", "00 Fremework", "{51AB60C2-3558-430D-BA64-7AF9396CF525}"
EndProject
Project("{2150E333-8FDC-42A3-9474-1A3956D46DE8}") = "Src", "Src", "{A793BE9D-ED63-478A-9F16-5FEECE31DB59}"
EndProject
Project("{FAE04EC0-301F-11D3-BF4B-00C04F79EFBC}") = "DDD_Shop.Framework.Utils", "00 Frramework\Src\DDD_Shop.Framework.Utils\DDD_Shop.Framework.Utils.csproj", "{633BB3B7-DA54-4A3B-9637-8051CDB7B628}"
EndProject
Project("{FAE04EC0-301F-11D3-BF4B-00C04F79EFBC}") = "DDD_Shop.Framework.Logger", "00 Frramework\Src\DDD_Shop.Framework.Logger\DDD_Shop.Framework.Logger.csproj", "{3C6BB227-9D30-4C51-97AF-6A86DFC5D483}"
EndProject
Global
	GlobalSection(SolutionConfigurationPlatforms) = preSolution
		Debug|Any CPU = Debug|Any CPU
		Release|Any CPU = Release|Any CPU
	EndGlobalSection
	GlobalSection(ProjectConfigurationPlatforms) = postSolution
		{3FD3CC15-6884-4D4D-9104-A7E7462F33BD}.Debug|Any CPU.ActiveCfg = Debug|Any CPU
		{3FD3CC15-6884-4D4D-9104-A7E7462F33BD}.Debug|Any CPU.Build.0 = Debug|Any CPU
		{3FD3CC15-6884-4D4D-9104-A7E7462F33BD}.Release|Any CPU.ActiveCfg = Release|Any CPU
		{3FD3CC15-6884-4D4D-9104-A7E7462F33BD}.Release|Any CPU.Build.0 = Release|Any CPU
		{B37B2B1E-8839-4637-A40C-3CF8851DD3DE}.Debug|Any CPU.ActiveCfg = Debug|Any CPU
		{B37B2B1E-8839-4637-A40C-3CF8851DD3DE}.Debug|Any CPU.Build.0 = Debug|Any CPU
		{B37B2B1E-8839-4637-A40C-3CF8851DD3DE}.Release|Any CPU.ActiveCfg = Release|Any CPU
		{B37B2B1E-8839-4637-A40C-3CF8851DD3DE}.Release|Any CPU.Build.0 = Release|Any CPU
		{2CB26AA8-3F06-4410-9ABE-A3E6F5D791BE}.Debug|Any CPU.ActiveCfg = Debug|Any CPU
		{2CB26AA8-3F06-4410-9ABE-A3E6F5D791BE}.Debug|Any CPU.Build.0 = Debug|Any CPU
		{2CB26AA8-3F06-4410-9ABE-A3E6F5D791BE}.Release|Any CPU.ActiveCfg = Release|Any CPU
		{2CB26AA8-3F06-4410-9ABE-A3E6F5D791BE}.Release|Any CPU.Build.0 = Release|Any CPU
		{22AC8176-56DA-44B0-B962-21493BAC3258}.Debug|Any CPU.ActiveCfg = Debug|Any CPU
		{22AC8176-56DA-44B0-B962-21493BAC3258}.Debug|Any CPU.Build.0 = Debug|Any CPU
		{22AC8176-56DA-44B0-B962-21493BAC3258}.Release|Any CPU.ActiveCfg = Release|Any CPU
		{22AC8176-56DA-44B0-B962-21493BAC3258}.Release|Any CPU.Build.0 = Release|Any CPU
		{BEC05CB0-BBDB-49AE-9565-F3672A756E96}.Debug|Any CPU.ActiveCfg = Debug|Any CPU
		{BEC05CB0-BBDB-49AE-9565-F3672A756E96}.Debug|Any CPU.Build.0 = Debug|Any CPU
		{BEC05CB0-BBDB-49AE-9565-F3672A756E96}.Release|Any CPU.ActiveCfg = Release|Any CPU
		{BEC05CB0-BBDB-49AE-9565-F3672A756E96}.Release|Any CPU.Build.0 = Release|Any CPU
		{F7D906A7-C9D3-4F5D-ADEE-22E08AD6441A}.Debug|Any CPU.ActiveCfg = Debug|Any CPU
		{F7D906A7-C9D3-4F5D-ADEE-22E08AD6441A}.Debug|Any CPU.Build.0 = Debug|Any CPU
		{F7D906A7-C9D3-4F5D-ADEE-22E08AD6441A}.Release|Any CPU.ActiveCfg = Release|Any CPU
		{F7D906A7-C9D3-4F5D-ADEE-22E08AD6441A}.Release|Any CPU.Build.0 = Release|Any CPU
		{633BB3B7-DA54-4A3B-9637-8051CDB7B628}.Debug|Any CPU.ActiveCfg = Debug|Any CPU
		{633BB3B7-DA54-4A3B-9637-8051CDB7B628}.Debug|Any CPU.Build.0 = Debug|Any CPU
		{633BB3B7-DA54-4A3B-9637-8051CDB7B628}.Release|Any CPU.ActiveCfg = Release|Any CPU
		{633BB3B7-DA54-4A3B-9637-8051CDB7B628}.Release|Any CPU.Build.0 = Release|Any CPU
		{3C6BB227-9D30-4C51-97AF-6A86DFC5D483}.Debug|Any CPU.ActiveCfg = Debug|Any CPU
		{3C6BB227-9D30-4C51-97AF-6A86DFC5D483}.Debug|Any CPU.Build.0 = Debug|Any CPU
		{3C6BB227-9D30-4C51-97AF-6A86DFC5D483}.Release|Any CPU.ActiveCfg = Release|Any CPU
		{3C6BB227-9D30-4C51-97AF-6A86DFC5D483}.Release|Any CPU.Build.0 = Release|Any CPU
	EndGlobalSection
	GlobalSection(SolutionProperties) = preSolution
		HideSolutionNode = FALSE
	EndGlobalSection
	GlobalSection(NestedProjects) = preSolution
		{3FD3CC15-6884-4D4D-9104-A7E7462F33BD} = {8E273923-B4D7-47F0-BCD4-F8FBCD1FA775}
		{B37B2B1E-8839-4637-A40C-3CF8851DD3DE} = {8E273923-B4D7-47F0-BCD4-F8FBCD1FA775}
		{2CB26AA8-3F06-4410-9ABE-A3E6F5D791BE} = {D8E2C849-43EB-4A34-B1C5-B65E0DA78344}
		{22AC8176-56DA-44B0-B962-21493BAC3258} = {8E273923-B4D7-47F0-BCD4-F8FBCD1FA775}
		{BEC05CB0-BBDB-49AE-9565-F3672A756E96} = {E3D8D7FA-33C6-4880-927D-F4300B61CA35}
		{8E273923-B4D7-47F0-BCD4-F8FBCD1FA775} = {1D18E183-6767-4E68-8DA7-964798D9EED6}
		{D8E2C849-43EB-4A34-B1C5-B65E0DA78344} = {1D18E183-6767-4E68-8DA7-964798D9EED6}
		{CEA64484-DCB5-45E3-8F1F-F9677570385D} = {1D18E183-6767-4E68-8DA7-964798D9EED6}
		{F7D906A7-C9D3-4F5D-ADEE-22E08AD6441A} = {CEA64484-DCB5-45E3-8F1F-F9677570385D}
		{1D18E183-6767-4E68-8DA7-964798D9EED6} = {DDFA752C-BD2B-4473-BAB1-D9AB39B176D0}
		{DD6A040E-08D4-4AF3-BA8D-6FD4C9BE9E78} = {DDFA752C-BD2B-4473-BAB1-D9AB39B176D0}
		{9325E357-AE14-49F2-8F6F-21F540675FE6} = {6C9CE79D-7168-4452-A452-C13511564FC3}
		{E3D8D7FA-33C6-4880-927D-F4300B61CA35} = {6C9CE79D-7168-4452-A452-C13511564FC3}
		{A793BE9D-ED63-478A-9F16-5FEECE31DB59} = {51AB60C2-3558-430D-BA64-7AF9396CF525}
		{633BB3B7-DA54-4A3B-9637-8051CDB7B628} = {A793BE9D-ED63-478A-9F16-5FEECE31DB59}
		{3C6BB227-9D30-4C51-97AF-6A86DFC5D483} = {A793BE9D-ED63-478A-9F16-5FEECE31DB59}
	EndGlobalSection
	GlobalSection(ExtensibilityGlobals) = postSolution
		SolutionGuid = {6FF5B625-AE50-4720-BCC7-A0B7C51A0C1E}
	EndGlobalSection
EndGlobal
